
Microsoft Visual Studio Solution File, Format Version 12.00
# Visual Studio Version 17
VisualStudioVersion = 17.5.002.0
MinimumVisualStudioVersion = 10.0.40219.1
Project("{9A19103F-16F7-4668-BE54-9A1E7A4F7556}") = "Task1", "Task1\Task1.csproj", "{587BC73C-0CBE-4895-9895-DA1FA985A932}"
EndProject
Project("{9A19103F-16F7-4668-BE54-9A1E7A4F7556}") = "Task2", "Task2\Task2.csproj", "{F448F528-04A6-4111-B378-B0C3DFBBF161}"
EndProject
Project("{9A19103F-16F7-4668-BE54-9A1E7A4F7556}") = "Task3", "Task3\Task3.csproj", "{58191118-732A-4B37-9573-D2D4162EF871}"
EndProject
Global
	GlobalSection(SolutionConfigurationPlatforms) = preSolution
		Debug|Any CPU = Debug|Any CPU
		Release|Any CPU = Release|Any CPU
	EndGlobalSection
	GlobalSection(ProjectConfigurationPlatforms) = postSolution
		{587BC73C-0CBE-4895-9895-DA1FA985A932}.Debug|Any CPU.ActiveCfg = Debug|Any CPU
		{587BC73C-0CBE-4895-9895-DA1FA985A932}.Debug|Any CPU.Build.0 = Debug|Any CPU
		{587BC73C-0CBE-4895-9895-DA1FA985A932}.Release|Any CPU.ActiveCfg = Release|Any CPU
		{587BC73C-0CBE-4895-9895-DA1FA985A932}.Release|Any CPU.Build.0 = Release|Any CPU
		{F448F528-04A6-4111-B378-B0C3DFBBF161}.Debug|Any CPU.ActiveCfg = Debug|Any CPU
		{F448F528-04A6-4111-B378-B0C3DFBBF161}.Debug|Any CPU.Build.0 = Debug|Any CPU
		{F448F528-04A6-4111-B378-B0C3DFBBF161}.Release|Any CPU.ActiveCfg = Release|Any CPU
		{F448F528-04A6-4111-B378-B0C3DFBBF161}.Release|Any CPU.Build.0 = Release|Any CPU
		{58191118-732A-4B37-9573-D2D4162EF871}.Debug|Any CPU.ActiveCfg = Debug|Any CPU
		{58191118-732A-4B37-9573-D2D4162EF871}.Debug|Any CPU.Build.0 = Debug|Any CPU
		{58191118-732A-4B37-9573-D2D4162EF871}.Release|Any CPU.ActiveCfg = Release|Any CPU
		{58191118-732A-4B37-9573-D2D4162EF871}.Release|Any CPU.Build.0 = Release|Any CPU
	EndGlobalSection
	GlobalSection(SolutionProperties) = preSolution
		HideSolutionNode = FALSE
	EndGlobalSection
	GlobalSection(ExtensibilityGlobals) = postSolution
		SolutionGuid = {4340D5FB-D476-46AC-B15D-0CCE30224726}
	EndGlobalSection
EndGlobal
